
Microsoft Visual Studio Solution File, Format Version 12.00
# Visual Studio Version 17
VisualStudioVersion = 17.9.34407.89
MinimumVisualStudioVersion = 15.0.26124.0
Project("{FAE04EC0-301F-11D3-BF4B-00C04F79EFBC}") = "Module01.Homework.Tests", "Module01.Homework.Tests\Module01.Homework.Tests.csproj", "{2EBDD992-CA62-484F-853A-DB5F658BCAA8}"
EndProject
Project("{FAE04EC0-301F-11D3-BF4B-00C04F79EFBC}") = "Module01.Homework", "Module01.Homework\Module01.Homework.csproj", "{316CE483-3140-46EA-85BD-9A9843D3686C}"
EndProject
Global
	GlobalSection(SolutionConfigurationPlatforms) = preSolution
		Debug|Any CPU = Debug|Any CPU
		Debug|x64 = Debug|x64
		Debug|x86 = Debug|x86
		Release|Any CPU = Release|Any CPU
		Release|x64 = Release|x64
		Release|x86 = Release|x86
	EndGlobalSection
	GlobalSection(ProjectConfigurationPlatforms) = postSolution
		{2EBDD992-CA62-484F-853A-DB5F658BCAA8}.Debug|Any CPU.ActiveCfg = Debug|Any CPU
		{2EBDD992-CA62-484F-853A-DB5F658BCAA8}.Debug|Any CPU.Build.0 = Debug|Any CPU
		{2EBDD992-CA62-484F-853A-DB5F658BCAA8}.Debug|x64.ActiveCfg = Debug|Any CPU
		{2EBDD992-CA62-484F-853A-DB5F658BCAA8}.Debug|x64.Build.0 = Debug|Any CPU
		{2EBDD992-CA62-484F-853A-DB5F658BCAA8}.Debug|x86.ActiveCfg = Debug|Any CPU
		{2EBDD992-CA62-484F-853A-DB5F658BCAA8}.Debug|x86.Build.0 = Debug|Any CPU
		{2EBDD992-CA62-484F-853A-DB5F658BCAA8}.Release|Any CPU.ActiveCfg = Release|Any CPU
		{2EBDD992-CA62-484F-853A-DB5F658BCAA8}.Release|Any CPU.Build.0 = Release|Any CPU
		{2EBDD992-CA62-484F-853A-DB5F658BCAA8}.Release|x64.ActiveCfg = Release|Any CPU
		{2EBDD992-CA62-484F-853A-DB5F658BCAA8}.Release|x64.Build.0 = Release|Any CPU
		{2EBDD992-CA62-484F-853A-DB5F658BCAA8}.Release|x86.ActiveCfg = Release|Any CPU
		{2EBDD992-CA62-484F-853A-DB5F658BCAA8}.Release|x86.Build.0 = Release|Any CPU
		{316CE483-3140-46EA-85BD-9A9843D3686C}.Debug|Any CPU.ActiveCfg = Debug|Any CPU
		{316CE483-3140-46EA-85BD-9A9843D3686C}.Debug|Any CPU.Build.0 = Debug|Any CPU
		{316CE483-3140-46EA-85BD-9A9843D3686C}.Debug|x64.ActiveCfg = Debug|Any CPU
		{316CE483-3140-46EA-85BD-9A9843D3686C}.Debug|x64.Build.0 = Debug|Any CPU
		{316CE483-3140-46EA-85BD-9A9843D3686C}.Debug|x86.ActiveCfg = Debug|Any CPU
		{316CE483-3140-46EA-85BD-9A9843D3686C}.Debug|x86.Build.0 = Debug|Any CPU
		{316CE483-3140-46EA-85BD-9A9843D3686C}.Release|Any CPU.ActiveCfg = Release|Any CPU
		{316CE483-3140-46EA-85BD-9A9843D3686C}.Release|Any CPU.Build.0 = Release|Any CPU
		{316CE483-3140-46EA-85BD-9A9843D3686C}.Release|x64.ActiveCfg = Release|Any CPU
		{316CE483-3140-46EA-85BD-9A9843D3686C}.Release|x64.Build.0 = Release|Any CPU
		{316CE483-3140-46EA-85BD-9A9843D3686C}.Release|x86.ActiveCfg = Release|Any CPU
		{316CE483-3140-46EA-85BD-9A9843D3686C}.Release|x86.Build.0 = Release|Any CPU
	EndGlobalSection
	GlobalSection(SolutionProperties) = preSolution
		HideSolutionNode = FALSE
	EndGlobalSection
	GlobalSection(ExtensibilityGlobals) = postSolution
		SolutionGuid = {62730F30-FEE7-46FA-82F1-DAC6CC116C0F}
	EndGlobalSection
EndGlobal
